
Microsoft Visual Studio Solution File, Format Version 12.00
# Visual Studio Version 17
VisualStudioVersion = 17.8.34408.163
MinimumVisualStudioVersion = 10.0.40219.1
Project("{9A19103F-16F7-4668-BE54-9A1E7A4F7556}") = "Infrastructure", "Infrastructure\Infrastructure.csproj", "{19A5F1FC-67D5-4C6B-8077-512B33BBFA4A}"
EndProject
Project("{FAE04EC0-301F-11D3-BF4B-00C04F79EFBC}") = "Presentation.CustomerManagement", "Presentation.CustomerManagement\Presentation.CustomerManagement.csproj", "{84C76DAA-AE0B-4B24-A9E5-1A9B33AE713E}"
EndProject
Global
	GlobalSection(SolutionConfigurationPlatforms) = preSolution
		Debug|Any CPU = Debug|Any CPU
		Release|Any CPU = Release|Any CPU
	EndGlobalSection
	GlobalSection(ProjectConfigurationPlatforms) = postSolution
		{19A5F1FC-67D5-4C6B-8077-512B33BBFA4A}.Debug|Any CPU.ActiveCfg = Debug|Any CPU
		{19A5F1FC-67D5-4C6B-8077-512B33BBFA4A}.Debug|Any CPU.Build.0 = Debug|Any CPU
		{19A5F1FC-67D5-4C6B-8077-512B33BBFA4A}.Release|Any CPU.ActiveCfg = Release|Any CPU
		{19A5F1FC-67D5-4C6B-8077-512B33BBFA4A}.Release|Any CPU.Build.0 = Release|Any CPU
		{84C76DAA-AE0B-4B24-A9E5-1A9B33AE713E}.Debug|Any CPU.ActiveCfg = Debug|Any CPU
		{84C76DAA-AE0B-4B24-A9E5-1A9B33AE713E}.Debug|Any CPU.Build.0 = Debug|Any CPU
		{84C76DAA-AE0B-4B24-A9E5-1A9B33AE713E}.Release|Any CPU.ActiveCfg = Release|Any CPU
		{84C76DAA-AE0B-4B24-A9E5-1A9B33AE713E}.Release|Any CPU.Build.0 = Release|Any CPU
	EndGlobalSection
	GlobalSection(SolutionProperties) = preSolution
		HideSolutionNode = FALSE
	EndGlobalSection
	GlobalSection(ExtensibilityGlobals) = postSolution
		SolutionGuid = {DB7D1F7B-68FE-4FD7-AA2C-DC041ECA2854}
	EndGlobalSection
EndGlobal
